// !$*UTF8*$!
{
	archiveVersion = 1;
	classes = {
	};
	objectVersion = 50;
	objects = {

/* Begin PBXBuildFile section */
		28280C50218859C600A5CDB4 /* CodeUIController.swift in Sources */ = {isa = PBXBuildFile; fileRef = 28280C4F218859C600A5CDB4 /* CodeUIController.swift */; };
		28280C552188C40E00A5CDB4 /* CodeUIControllerTwo.swift in Sources */ = {isa = PBXBuildFile; fileRef = 28280C542188C40E00A5CDB4 /* CodeUIControllerTwo.swift */; };
		28280C572188CC8600A5CDB4 /* CodeUIControllerThree.swift in Sources */ = {isa = PBXBuildFile; fileRef = 28280C562188CC8600A5CDB4 /* CodeUIControllerThree.swift */; };
		2884D21221966B7500C54CC0 /* CodeUIControllerFour.swift in Sources */ = {isa = PBXBuildFile; fileRef = 2884D21121966B7500C54CC0 /* CodeUIControllerFour.swift */; };
		28BB3240218263BB008D0C6A /* AppDelegate.swift in Sources */ = {isa = PBXBuildFile; fileRef = 28BB323F218263BB008D0C6A /* AppDelegate.swift */; };
		28BB3242218263BB008D0C6A /* ViewController.swift in Sources */ = {isa = PBXBuildFile; fileRef = 28BB3241218263BB008D0C6A /* ViewController.swift */; };
		28BB3245218263BB008D0C6A /* Main.storyboard in Resources */ = {isa = PBXBuildFile; fileRef = 28BB3243218263BB008D0C6A /* Main.storyboard */; };
		28BB3247218263BD008D0C6A /* Assets.xcassets in Resources */ = {isa = PBXBuildFile; fileRef = 28BB3246218263BD008D0C6A /* Assets.xcassets */; };
		28BB324A218263BD008D0C6A /* LaunchScreen.storyboard in Resources */ = {isa = PBXBuildFile; fileRef = 28BB3248218263BD008D0C6A /* LaunchScreen.storyboard */; };
/* End PBXBuildFile section */

/* Begin PBXFileReference section */
		28280C4F218859C600A5CDB4 /* CodeUIController.swift */ = {isa = PBXFileReference; lastKnownFileType = sourcecode.swift; path = CodeUIController.swift; sourceTree = "<group>"; };
		28280C542188C40E00A5CDB4 /* CodeUIControllerTwo.swift */ = {isa = PBXFileReference; lastKnownFileType = sourcecode.swift; path = CodeUIControllerTwo.swift; sourceTree = "<group>"; };
		28280C562188CC8600A5CDB4 /* CodeUIControllerThree.swift */ = {isa = PBXFileReference; lastKnownFileType = sourcecode.swift; path = CodeUIControllerThree.swift; sourceTree = "<group>"; };
		2884D21121966B7500C54CC0 /* CodeUIControllerFour.swift */ = {isa = PBXFileReference; lastKnownFileType = sourcecode.swift; path = CodeUIControllerFour.swift; sourceTree = "<group>"; };
		28BB323C218263BB008D0C6A /* PositioningUIViews.app */ = {isa = PBXFileReference; explicitFileType = wrapper.application; includeInIndex = 0; path = PositioningUIViews.app; sourceTree = BUILT_PRODUCTS_DIR; };
		28BB323F218263BB008D0C6A /* AppDelegate.swift */ = {isa = PBXFileReference; lastKnownFileType = sourcecode.swift; path = AppDelegate.swift; sourceTree = "<group>"; };
		28BB3241218263BB008D0C6A /* ViewController.swift */ = {isa = PBXFileReference; lastKnownFileType = sourcecode.swift; path = ViewController.swift; sourceTree = "<group>"; };
		28BB3244218263BB008D0C6A /* Base */ = {isa = PBXFileReference; lastKnownFileType = file.storyboard; name = Base; path = Base.lproj/Main.storyboard; sourceTree = "<group>"; };
		28BB3246218263BD008D0C6A /* Assets.xcassets */ = {isa = PBXFileReference; lastKnownFileType = folder.assetcatalog; path = Assets.xcassets; sourceTree = "<group>"; };
		28BB3249218263BD008D0C6A /* Base */ = {isa = PBXFileReference; lastKnownFileType = file.storyboard; name = Base; path = Base.lproj/LaunchScreen.storyboard; sourceTree = "<group>"; };
		28BB324B218263BD008D0C6A /* Info.plist */ = {isa = PBXFileReference; lastKnownFileType = text.plist.xml; path = Info.plist; sourceTree = "<group>"; };
/* End PBXFileReference section */

/* Begin PBXFrameworksBuildPhase section */
		28BB3239218263BB008D0C6A /* Frameworks */ = {
			isa = PBXFrameworksBuildPhase;
			buildActionMask = 2147483647;
			files = (
			);
			runOnlyForDeploymentPostprocessing = 0;
		};
/* End PBXFrameworksBuildPhase section */

/* Begin PBXGroup section */
		28280C51218859D100A5CDB4 /* Controllers */ = {
			isa = PBXGroup;
			children = (
				28280C53218859E000A5CDB4 /* Storyboards */,
				28280C52218859D900A5CDB4 /* Code */,
			);
			path = Controllers;
			sourceTree = "<group>";
		};
		28280C52218859D900A5CDB4 /* Code */ = {
			isa = PBXGroup;
			children = (
				28280C4F218859C600A5CDB4 /* CodeUIController.swift */,
				28280C542188C40E00A5CDB4 /* CodeUIControllerTwo.swift */,
				28280C562188CC8600A5CDB4 /* CodeUIControllerThree.swift */,
				2884D21121966B7500C54CC0 /* CodeUIControllerFour.swift */,
			);
			path = Code;
			sourceTree = "<group>";
		};
		28280C53218859E000A5CDB4 /* Storyboards */ = {
			isa = PBXGroup;
			children = (
				28BB3241218263BB008D0C6A /* ViewController.swift */,
			);
			path = Storyboards;
			sourceTree = "<group>";
		};
		28BB3233218263BB008D0C6A = {
			isa = PBXGroup;
			children = (
				28BB323E218263BB008D0C6A /* PositioningUIViews */,
				28BB323D218263BB008D0C6A /* Products */,
			);
			sourceTree = "<group>";
		};
		28BB323D218263BB008D0C6A /* Products */ = {
			isa = PBXGroup;
			children = (
				28BB323C218263BB008D0C6A /* PositioningUIViews.app */,
			);
			name = Products;
			sourceTree = "<group>";
		};
		28BB323E218263BB008D0C6A /* PositioningUIViews */ = {
			isa = PBXGroup;
			children = (
				28280C51218859D100A5CDB4 /* Controllers */,
				28BB323F218263BB008D0C6A /* AppDelegate.swift */,
				28BB3243218263BB008D0C6A /* Main.storyboard */,
				28BB3246218263BD008D0C6A /* Assets.xcassets */,
				28BB3248218263BD008D0C6A /* LaunchScreen.storyboard */,
				28BB324B218263BD008D0C6A /* Info.plist */,
			);
			path = PositioningUIViews;
			sourceTree = "<group>";
		};
/* End PBXGroup section */

/* Begin PBXNativeTarget section */
		28BB323B218263BB008D0C6A /* PositioningUIViews */ = {
			isa = PBXNativeTarget;
			buildConfigurationList = 28BB324E218263BD008D0C6A /* Build configuration list for PBXNativeTarget "PositioningUIViews" */;
			buildPhases = (
				28BB3238218263BB008D0C6A /* Sources */,
				28BB3239218263BB008D0C6A /* Frameworks */,
				28BB323A218263BB008D0C6A /* Resources */,
			);
			buildRules = (
			);
			dependencies = (
			);
			name = PositioningUIViews;
			productName = PositioningUIViews;
			productReference = 28BB323C218263BB008D0C6A /* PositioningUIViews.app */;
			productType = "com.apple.product-type.application";
		};
/* End PBXNativeTarget section */

/* Begin PBXProject section */
		28BB3234218263BB008D0C6A /* Project object */ = {
			isa = PBXProject;
			attributes = {
				LastSwiftUpdateCheck = 1000;
				LastUpgradeCheck = 1000;
				ORGANIZATIONNAME = "Danh Phu Nguyen";
				TargetAttributes = {
					28BB323B218263BB008D0C6A = {
						CreatedOnToolsVersion = 10.0;
					};
				};
			};
			buildConfigurationList = 28BB3237218263BB008D0C6A /* Build configuration list for PBXProject "PositioningUIViews" */;
			compatibilityVersion = "Xcode 9.3";
			developmentRegion = en;
			hasScannedForEncodings = 0;
			knownRegions = (
				en,
				Base,
			);
			mainGroup = 28BB3233218263BB008D0C6A;
			productRefGroup = 28BB323D218263BB008D0C6A /* Products */;
			projectDirPath = "";
			projectRoot = "";
			targets = (
				28BB323B218263BB008D0C6A /* PositioningUIViews */,
			);
		};
/* End PBXProject section */

/* Begin PBXResourcesBuildPhase section */
		28BB323A218263BB008D0C6A /* Resources */ = {
			isa = PBXResourcesBuildPhase;
			buildActionMask = 2147483647;
			files = (
				28BB324A218263BD008D0C6A /* LaunchScreen.storyboard in Resources */,
				28BB3247218263BD008D0C6A /* Assets.xcassets in Resources */,
				28BB3245218263BB008D0C6A /* Main.storyboard in Resources */,
			);
			runOnlyForDeploymentPostprocessing = 0;
		};
/* End PBXResourcesBuildPhase section */

/* Begin PBXSourcesBuildPhase section */
		28BB3238218263BB008D0C6A /* Sources */ = {
			isa = PBXSourcesBuildPhase;
			buildActionMask = 2147483647;
			files = (
				28280C572188CC8600A5CDB4 /* CodeUIControllerThree.swift in Sources */,
				28280C50218859C600A5CDB4 /* CodeUIController.swift in Sources */,
				28BB3242218263BB008D0C6A /* ViewController.swift in Sources */,
				28BB3240218263BB008D0C6A /* AppDelegate.swift in Sources */,
				2884D21221966B7500C54CC0 /* CodeUIControllerFour.swift in Sources */,
				28280C552188C40E00A5CDB4 /* CodeUIControllerTwo.swift in Sources */,
			);
			runOnlyForDeploymentPostprocessing = 0;
		};
/* End PBXSourcesBuildPhase section */

/* Begin PBXVariantGroup section */
		28BB3243218263BB008D0C6A /* Main.storyboard */ = {
			isa = PBXVariantGroup;
			children = (
				28BB3244218263BB008D0C6A /* Base */,
			);
			name = Main.storyboard;
			sourceTree = "<group>";
		};
		28BB3248218263BD008D0C6A /* LaunchScreen.storyboard */ = {
			isa = PBXVariantGroup;
			children = (
				28BB3249218263BD008D0C6A /* Base */,
			);
			name = LaunchScreen.storyboard;
			sourceTree = "<group>";
		};
/* End PBXVariantGroup section */

/* Begin XCBuildConfiguration section */
		28BB324C218263BD008D0C6A /* Debug */ = {
			isa = XCBuildConfiguration;
			buildSettings = {
				ALWAYS_SEARCH_USER_PATHS = NO;
				CLANG_ANALYZER_NONNULL = YES;
				CLANG_ANALYZER_NUMBER_OBJECT_CONVERSION = YES_AGGRESSIVE;
				CLANG_CXX_LANGUAGE_STANDARD = "gnu++14";
				CLANG_CXX_LIBRARY = "libc++";
				CLANG_ENABLE_MODULES = YES;
				CLANG_ENABLE_OBJC_ARC = YES;
				CLANG_ENABLE_OBJC_WEAK = YES;
				CLANG_WARN_BLOCK_CAPTURE_AUTORELEASING = YES;
				CLANG_WARN_BOOL_CONVERSION = YES;
				CLANG_WARN_COMMA = YES;
				CLANG_WARN_CONSTANT_CONVERSION = YES;
				CLANG_WARN_DEPRECATED_OBJC_IMPLEMENTATIONS = YES;
				CLANG_WARN_DIRECT_OBJC_ISA_USAGE = YES_ERROR;
				CLANG_WARN_DOCUMENTATION_COMMENTS = YES;
				CLANG_WARN_EMPTY_BODY = YES;
				CLANG_WARN_ENUM_CONVERSION = YES;
				CLANG_WARN_INFINITE_RECURSION = YES;
				CLANG_WARN_INT_CONVERSION = YES;
				CLANG_WARN_NON_LITERAL_NULL_CONVERSION = YES;
				CLANG_WARN_OBJC_IMPLICIT_RETAIN_SELF = YES;
				CLANG_WARN_OBJC_LITERAL_CONVERSION = YES;
				CLANG_WARN_OBJC_ROOT_CLASS = YES_ERROR;
				CLANG_WARN_RANGE_LOOP_ANALYSIS = YES;
				CLANG_WARN_STRICT_PROTOTYPES = YES;
				CLANG_WARN_SUSPICIOUS_MOVE = YES;
				CLANG_WARN_UNGUARDED_AVAILABILITY = YES_AGGRESSIVE;
				CLANG_WARN_UNREACHABLE_CODE = YES;
				CLANG_WARN__DUPLICATE_METHOD_MATCH = YES;
				CODE_SIGN_IDENTITY = "iPhone Developer";
				COPY_PHASE_STRIP = NO;
				DEBUG_INFORMATION_FORMAT = dwarf;
				ENABLE_STRICT_OBJC_MSGSEND = YES;
				ENABLE_TESTABILITY = YES;
				GCC_C_LANGUAGE_STANDARD = gnu11;
				GCC_DYNAMIC_NO_PIC = NO;
				GCC_NO_COMMON_BLOCKS = YES;
				GCC_OPTIMIZATION_LEVEL = 0;
				GCC_PREPROCESSOR_DEFINITIONS = (
					"DEBUG=1",
					"$(inherited)",
				);
				GCC_WARN_64_TO_32_BIT_CONVERSION = YES;
				GCC_WARN_ABOUT_RETURN_TYPE = YES_ERROR;
				GCC_WARN_UNDECLARED_SELECTOR = YES;
				GCC_WARN_UNINITIALIZED_AUTOS = YES_AGGRESSIVE;
				GCC_WARN_UNUSED_FUNCTION = YES;
				GCC_WARN_UNUSED_VARIABLE = YES;
				IPHONEOS_DEPLOYMENT_TARGET = 12.0;
				MTL_ENABLE_DEBUG_INFO = INCLUDE_SOURCE;
				MTL_FAST_MATH = YES;
				ONLY_ACTIVE_ARCH = YES;
				SDKROOT = iphoneos;
				SWIFT_ACTIVE_COMPILATION_CONDITIONS = DEBUG;
				SWIFT_OPTIMIZATION_LEVEL = "-Onone";
			};
			name = Debug;
		};
		28BB324D218263BD008D0C6A /* Release */ = {
			isa = XCBuildConfiguration;
			buildSettings = {
				ALWAYS_SEARCH_USER_PATHS = NO;
				CLANG_ANALYZER_NONNULL = YES;
				CLANG_ANALYZER_NUMBER_OBJECT_CONVERSION = YES_AGGRESSIVE;
				CLANG_CXX_LANGUAGE_STANDARD = "gnu++14";
				CLANG_CXX_LIBRARY = "libc++";
				CLANG_ENABLE_MODULES = YES;
				CLANG_ENABLE_OBJC_ARC = YES;
				CLANG_ENABLE_OBJC_WEAK = YES;
				CLANG_WARN_BLOCK_CAPTURE_AUTORELEASING = YES;
				CLANG_WARN_BOOL_CONVERSION = YES;
				CLANG_WARN_COMMA = YES;
				CLANG_WARN_CONSTANT_CONVERSION = YES;
				CLANG_WARN_DEPRECATED_OBJC_IMPLEMENTATIONS = YES;
				CLANG_WARN_DIRECT_OBJC_ISA_USAGE = YES_ERROR;
				CLANG_WARN_DOCUMENTATION_COMMENTS = YES;
				CLANG_WARN_EMPTY_BODY = YES;
				CLANG_WARN_ENUM_CONVERSION = YES;
				CLANG_WARN_INFINITE_RECURSION = YES;
				CLANG_WARN_INT_CONVERSION = YES;
				CLANG_WARN_NON_LITERAL_NULL_CONVERSION = YES;
				CLANG_WARN_OBJC_IMPLICIT_RETAIN_SELF = YES;
				CLANG_WARN_OBJC_LITERAL_CONVERSION = YES;
				CLANG_WARN_OBJC_ROOT_CLASS = YES_ERROR;
				CLANG_WARN_RANGE_LOOP_ANALYSIS = YES;
				CLANG_WARN_STRICT_PROTOTYPES = YES;
				CLANG_WARN_SUSPICIOUS_MOVE = YES;
				CLANG_WARN_UNGUARDED_AVAILABILITY = YES_AGGRESSIVE;
				CLANG_WARN_UNREACHABLE_CODE = YES;
				CLANG_WARN__DUPLICATE_METHOD_MATCH = YES;
				CODE_SIGN_IDENTITY = "iPhone Developer";
				COPY_PHASE_STRIP = NO;
				DEBUG_INFORMATION_FORMAT = "dwarf-with-dsym";
				ENABLE_NS_ASSERTIONS = NO;
				ENABLE_STRICT_OBJC_MSGSEND = YES;
				GCC_C_LANGUAGE_STANDARD = gnu11;
				GCC_NO_COMMON_BLOCKS = YES;
				GCC_WARN_64_TO_32_BIT_CONVERSION = YES;
				GCC_WARN_ABOUT_RETURN_TYPE = YES_ERROR;
				GCC_WARN_UNDECLARED_SELECTOR = YES;
				GCC_WARN_UNINITIALIZED_AUTOS = YES_AGGRESSIVE;
				GCC_WARN_UNUSED_FUNCTION = YES;
				GCC_WARN_UNUSED_VARIABLE = YES;
				IPHONEOS_DEPLOYMENT_TARGET = 12.0;
				MTL_ENABLE_DEBUG_INFO = NO;
				MTL_FAST_MATH = YES;
				SDKROOT = iphoneos;
				SWIFT_COMPILATION_MODE = wholemodule;
				SWIFT_OPTIMIZATION_LEVEL = "-O";
				VALIDATE_PRODUCT = YES;
			};
			name = Release;
		};
		28BB324F218263BD008D0C6A /* Debug */ = {
			isa = XCBuildConfiguration;
			buildSettings = {
				ASSETCATALOG_COMPILER_APPICON_NAME = AppIcon;
				CODE_SIGN_STYLE = Automatic;
				DEVELOPMENT_TEAM = FBPU586293;
				INFOPLIST_FILE = PositioningUIViews/Info.plist;
				LD_RUNPATH_SEARCH_PATHS = (
					"$(inherited)",
					"@executable_path/Frameworks",
				);
				PRODUCT_BUNDLE_IDENTIFIER = com.RyanNguyen.PositioningUIViews;
				PRODUCT_NAME = "$(TARGET_NAME)";
				SWIFT_VERSION = 4.2;
				TARGETED_DEVICE_FAMILY = "1,2";
			};
			name = Debug;
		};
		28BB3250218263BD008D0C6A /* Release */ = {
			isa = XCBuildConfiguration;
			buildSettings = {
				ASSETCATALOG_COMPILER_APPICON_NAME = AppIcon;
				CODE_SIGN_STYLE = Automatic;
				DEVELOPMENT_TEAM = FBPU586293;
				INFOPLIST_FILE = PositioningUIViews/Info.plist;
				LD_RUNPATH_SEARCH_PATHS = (
					"$(inherited)",
					"@executable_path/Frameworks",
				);
				PRODUCT_BUNDLE_IDENTIFIER = com.RyanNguyen.PositioningUIViews;
				PRODUCT_NAME = "$(TARGET_NAME)";
				SWIFT_VERSION = 4.2;
				TARGETED_DEVICE_FAMILY = "1,2";
			};
			name = Release;
		};
/* End XCBuildConfiguration section */

/* Begin XCConfigurationList section */
		28BB3237218263BB008D0C6A /* Build configuration list for PBXProject "PositioningUIViews" */ = {
			isa = XCConfigurationList;
			buildConfigurations = (
				28BB324C218263BD008D0C6A /* Debug */,
				28BB324D218263BD008D0C6A /* Release */,
			);
			defaultConfigurationIsVisible = 0;
			defaultConfigurationName = Release;
		};
		28BB324E218263BD008D0C6A /* Build configuration list for PBXNativeTarget "PositioningUIViews" */ = {
			isa = XCConfigurationList;
			buildConfigurations = (
				28BB324F218263BD008D0C6A /* Debug */,
				28BB3250218263BD008D0C6A /* Release */,
			);
			defaultConfigurationIsVisible = 0;
			defaultConfigurationName = Release;
		};
/* End XCConfigurationList section */
	};
	rootObject = 28BB3234218263BB008D0C6A /* Project object */;
}
